
Microsoft Visual Studio Solution File, Format Version 12.00
# Visual Studio Version 17
VisualStudioVersion = 17.14.36429.23 d17.14
MinimumVisualStudioVersion = 10.0.40219.1
Project("{FAE04EC0-301F-11D3-BF4B-00C04F79EFBC}") = "shvdn3-boilerplate", "shvdn3-boilerplate\shvdn3-boilerplate.csproj", "{DF9B5149-5210-4291-B1A8-E09DD184D75B}"
EndProject
Global
	GlobalSection(SolutionConfigurationPlatforms) = preSolution
		Debug|Any CPU = Debug|Any CPU
		Release|Any CPU = Release|Any CPU
	EndGlobalSection
	GlobalSection(ProjectConfigurationPlatforms) = postSolution
		{DF9B5149-5210-4291-B1A8-E09DD184D75B}.Debug|Any CPU.ActiveCfg = Debug|Any CPU
		{DF9B5149-5210-4291-B1A8-E09DD184D75B}.Debug|Any CPU.Build.0 = Debug|Any CPU
		{DF9B5149-5210-4291-B1A8-E09DD184D75B}.Release|Any CPU.ActiveCfg = Release|Any CPU
		{DF9B5149-5210-4291-B1A8-E09DD184D75B}.Release|Any CPU.Build.0 = Release|Any CPU
	EndGlobalSection
	GlobalSection(SolutionProperties) = preSolution
		HideSolutionNode = FALSE
	EndGlobalSection
	GlobalSection(ExtensibilityGlobals) = postSolution
		SolutionGuid = {4A3DBBEA-2333-48F3-B92B-948103F6C9D0}
	EndGlobalSection
EndGlobal
